hash: cb431bb6923ce0ff70a2b95e64c15faf0f0a8354099b831fc64473f67de55a63
updated: 2017-01-24T08:57:42.987401924+08:00
imports:
- name: github.com/appleboy/drone-facebook
  version: abda8124c404d424b150cf2a9935e3e108519c6e
  subpackages:
  - template
- name: github.com/aymerick/raymond
  version: 72acac2207479d21dd45898c2a4264246c818148
  subpackages:
  - ast
  - lexer
  - parser
- name: github.com/joho/godotenv
  version: a01a834e1654b4c9ca5b3ad05159445cc9c7ad08
  subpackages:
  - autoload
- name: github.com/line/line-bot-sdk-go
  version: c87b736869c5b513726a60407afa5c31d4a94aa4
  subpackages:
  - linebot
- name: github.com/stretchr/testify
  version: 69483b4bd14f5845b5a1e55bca19e954e827f1d0
  subpackages:
  - assert
- name: github.com/urfave/cli
  version: a14d7d367bc02b1f57d88de97926727f2d936387
- name: golang.org/x/net
  version: f315505cf3349909cdf013ea56690da34e96a451
  subpackages:
  - context
  - context/ctxhttp
testImports:
- name: github.com/davecgh/go-spew
  version: 6d212800a42e8ab5c146b8ace3490ee17e5225f9
  subpackages:
  - spew
- name: github.com/pmezard/go-difflib
  version: d8ed2627bdf02c080bf22230dbb337003b7aba2d
  subpackages:
  - difflib
