hash: cb431bb6923ce0ff70a2b95e64c15faf0f0a8354099b831fc64473f67de55a63
updated: 2016-12-17T15:58:52.282820765+08:00
imports:
- name: github.com/appleboy/drone-facebook
  version: abda8124c404d424b150cf2a9935e3e108519c6e
  subpackages:
  - template
- name: github.com/aymerick/raymond
  version: a2232af10b53ef1ae5a767f5178db3a6c1dab655
  subpackages:
  - ast
  - lexer
  - parser
- name: github.com/joho/godotenv
  version: 4ed13390c0acd2ff4e371e64d8b97c8954138243
  subpackages:
  - autoload
- name: github.com/line/line-bot-sdk-go
  version: b7e1bd128fef0e6a532d1afce049cbcd8dc5f4c8
  subpackages:
  - linebot
- name: github.com/stretchr/testify
  version: f390dcf405f7b83c997eac1b06768bb9f44dec18
  subpackages:
  - assert
- name: github.com/urfave/cli
  version: a14d7d367bc02b1f57d88de97926727f2d936387
- name: golang.org/x/net
  version: f315505cf3349909cdf013ea56690da34e96a451
  subpackages:
  - context
  - context/ctxhttp
testImports:
- name: github.com/davecgh/go-spew
  version: 2df174808ee097f90d259e432cc04442cf60be21
  subpackages:
  - spew
- name: github.com/pmezard/go-difflib
  version: d8ed2627bdf02c080bf22230dbb337003b7aba2d
  subpackages:
  - difflib
