github.com/NoahShen/gotunnelme v0.0.0-20131023063617-880261a05606 h1:F0ZjuvzyLxcec7CoYseSYq8SK+4hd7zpeL166i6EKYc=
github.com/NoahShen/gotunnelme v0.0.0-20131023063617-880261a05606/go.mod h1:4/5P3Xn6TPHLWG1iHNwvob7WPT3+kr8wBcW/xueIqe4=
github.com/appleboy/com v0.0.0-20170316021206-c660fb542b26 h1:QjwD/asIAeGHueHi3v3+KQYgZ++kRbWDeF7akKwpP9w=
github.com/appleboy/com v0.0.0-20170316021206-c660fb542b26/go.mod h1:rtwjPnHClMOJw4K5oW3ASx9BCPCJ1SDbFbzJjY4Ebqw=
github.com/appleboy/drone-facebook v0.0.0-20170323041005-c05c0e519ae6 h1:y/OHtWKZb6MS4vzzONcX9Wcmo8dyEmv8+W8CbD4+fbE=
github.com/appleboy/drone-facebook v0.0.0-20170323041005-c05c0e519ae6/go.mod h1:5PxqvgIcQy+Je2Rde2tbxGUG9/emkCHkFqZg/8vf4ZA=
github.com/aymerick/raymond v0.0.0-20161209220724-72acac220747 h1:gu88ZN3sXG5+1mH0W4Ty00jzHA044ND3ogxmJNN6Rik=
github.com/aymerick/raymond v0.0.0-20161209220724-72acac220747/go.mod h1:osfaiScAUVup+UC9Nfq76eWqDhXlp+4UYaA8uhTBO6g=
github.com/beorn7/perks v0.0.0-20160804104726-4c0e84591b9a h1:BtpsbiV638WQZwhA98cEZw2BsbnQJrbd0BI7tsy0W1c=
github.com/beorn7/perks v0.0.0-20160804104726-4c0e84591b9a/go.mod h1:Dwedo/Wpr24TaqPxmxbtue+5NUziq4I4S80YR8gNf3Q=
github.com/davecgh/go-spew v1.1.0/go.mod h1:J7Y8YcW2NihsgmVo/mv3lAwl/skON4iLHjSsI+c5H38=
github.com/fatih/color v1.4.1 h1:YJhD/SoQqn7ev9zwhIm7lHTAqsOAF2AN4xlAVZzNZnU=
github.com/fatih/color v1.4.1/go.mod h1:Zm6kSWBoL9eyXnKyktHP6abPY2pDugNf5KwzbycvMj4=
github.com/golang/protobuf v0.0.0-20170331031902-2bba0603135d h1:KmiEmEGA5sqizMpKnexwioxj8zEUSBc7p9UTQu36lpQ=
github.com/golang/protobuf v0.0.0-20170331031902-2bba0603135d/go.mod h1:6lQm79b+lXiMfvg/cZm0SGofjICqVBUtrP5yJMmIC1U=
github.com/joho/godotenv v0.0.0-20170328200154-325433c502d4 h1:4efwqN/95XpF2pyttkH2f288+TcG0jFQUk0avks7zes=
github.com/joho/godotenv v0.0.0-20170328200154-325433c502d4/go.mod h1:7hK45KPybAkOC6peb+G5yklZfMxEjkZhHbwpqxOKXbg=
github.com/line/line-bot-sdk-go v0.0.0-20170317073338-b52b3bb5f30e h1:mZsK0cbGtW+TZmP9IALC7LllRIVblLKjbmZQ+ZddYAM=
github.com/line/line-bot-sdk-go v0.0.0-20170317073338-b52b3bb5f30e/go.mod h1:0RjLjJEAU/3GIcHkC3av6O4jInAbt25nnZVmOFUgDBg=
github.com/mattn/go-colorable v0.0.0-20170327083344-ded68f7a9561 h1:isR/L+BIZ+rqODWYR/f526ygrBMGKZYFhaaFRDGvuZ8=
github.com/mattn/go-colorable v0.0.0-20170327083344-ded68f7a9561/go.mod h1:9vuHe8Xs5qXnSaW/c/ABM9alt+Vo+STaOChaDxuIBZU=
github.com/mattn/go-isatty v0.0.2 h1:F+DnWktyadxnOrohKLNUC9/GjFii5RJgY4GFG6ilggw=
github.com/mattn/go-isatty v0.0.2/go.mod h1:M+lRXTBqGeGNdLjl/ufCoiOlB5xdOkqRJdNxMWT7Zi4=
github.com/matttproud/golang_protobuf_extensions v1.0.1 h1:4hp9jkHxhMHkqkrB3Ix0jegS5sx/RkqARlsWZ6pIwiU=
github.com/matttproud/golang_protobuf_extensions v1.0.1/go.mod h1:D8He9yQNgCq6Z5Ld7szi9bcBfOoFv/3dc6xSMkL2PC0=
github.com/pmezard/go-difflib v1.0.0/go.mod h1:iKH77koFhYxTK1pcRnkKkqfTogsbg7gZNVY4sRDYZ/4=
github.com/prometheus/client_golang v0.0.0-20170401103446-08fd2e12372a h1:KrNlamnVtXrFgk2DiG8NEKHJUinvBdyU08/ia0gsTOY=
github.com/prometheus/client_golang v0.0.0-20170401103446-08fd2e12372a/go.mod h1:7SWBe2y4D6OKWSNQJUaRYU/AaXPKyh/dDVn+NZz0KFw=
github.com/prometheus/client_model v0.0.0-20170216185247-6f3806018612 h1:13pIdM2tpaDi4OVe24fgoIS7ZTqMt0QI+bwQsX5hq+g=
github.com/prometheus/client_model v0.0.0-20170216185247-6f3806018612/go.mod h1:MbSGuTsp3dbXC40dX6PRTWyKYBIrTGTE9sqQNg2J8bo=
github.com/prometheus/common v0.0.0-20170220103846-49fee292b27b h1:nure2StBXEgV+CtAOZSggLGJ7bfuSfvuitPnwEQSKWQ=
github.com/prometheus/common v0.0.0-20170220103846-49fee292b27b/go.mod h1:daVV7qP5qjZbuso7PdcryaAu0sAZbrN9i7WWcTMWvro=
github.com/prometheus/procfs v0.0.0-20170216223256-a1dba9ce8bae h1:4W6eGKy6DVCKy+vFPt2wtCifCjfzvHgOomhDsv/n58Y=
github.com/prometheus/procfs v0.0.0-20170216223256-a1dba9ce8bae/go.mod h1:c3At6R/oaqEKCNdg8wHV1ftS6bRYblBhIjjI8uT2IGk=
github.com/stretchr/testify v0.0.0-20170130113145-4d4bfba8f1d1/go.mod h1:a8OnRcib4nhh0OaRAV+Yts87kKdq0PP7pXfy6kDkUVs=
github.com/urfave/cli v0.0.0-20170329013517-8ba6f23b6e36 h1:tpInVoeNXKSh4KfaiQgb2Ia+hFjiiqueG1yBvxqkY70=
github.com/urfave/cli v0.0.0-20170329013517-8ba6f23b6e36/go.mod h1:70zkFmudgCuE/ngEzBv17Jvp/497gISqfk5gWijbERA=
golang.org/x/crypto v0.0.0-20170410105618-9ef620b9ca2f h1:v+o7RuIR+8OwUtpr2ckGLekrr/DAQvGu+IRcg7+cKOE=
golang.org/x/crypto v0.0.0-20170410105618-9ef620b9ca2f/go.mod h1:6SG95UA2DQfeDnfUPMdvaQW0Q7yPrPDi9nlGo2tz2b4=
golang.org/x/net v0.0.0-20170329044632-05d3205156cb h1:/JaBm6U+Np1XO8F47O4VS6by6M412gh9un0jwwj1fsE=
golang.org/x/net v0.0.0-20170329044632-05d3205156cb/go.mod h1:mL1N/T3taQHkDXs73rZJwtUhF3w3ftmwwsq0BUmARs4=
golang.org/x/sys v0.0.0-20170329061634-9a7256cb28ed/go.mod h1:STP8DvDyc/dI5b8T5hshtkjS+E42TnysNCUPdjciGhY=
